Microsoft Visual Studio Solution File, Format Version 12.00
# Visual Studio Version 17
VisualStudioVersion = 17.5.2.0
MinimumVisualStudioVersion = 10.0.40219.1
Project("{FAE04EC0-301F-11D3-BF4B-00C04F79EFBC}") = "LearningApi", "LearningApi.csproj", "{4330B42E-1A2B-B590-2F33-EE7C13CAE7BD}"
EndProject
Global
	GlobalSection(SolutionConfigurationPlatforms) = preSolution
		Debug|Any CPU = Debug|Any CPU
		Release|Any CPU = Release|Any CPU
	EndGlobalSection
	GlobalSection(ProjectConfigurationPlatforms) = postSolution
		{4330B42E-1A2B-B590-2F33-EE7C13CAE7BD}.Debug|Any CPU.ActiveCfg = Debug|Any CPU
		{4330B42E-1A2B-B590-2F33-EE7C13CAE7BD}.Debug|Any CPU.Build.0 = Debug|Any CPU
		{4330B42E-1A2B-B590-2F33-EE7C13CAE7BD}.Release|Any CPU.ActiveCfg = Release|Any CPU
		{4330B42E-1A2B-B590-2F33-EE7C13CAE7BD}.Release|Any CPU.Build.0 = Release|Any CPU
	EndGlobalSection
	GlobalSection(SolutionProperties) = preSolution
		HideSolutionNode = FALSE
	EndGlobalSection
	GlobalSection(ExtensibilityGlobals) = postSolution
		SolutionGuid = {A3FDB478-57D4-44A7-A8FE-BC3EA7490C53}
	EndGlobalSection
EndGlobal
